
Microsoft Visual Studio Solution File, Format Version 12.00
# Visual Studio Version 16
VisualStudioVersion = 16.0.31005.135
MinimumVisualStudioVersion = 10.0.40219.1
Project("{9A19103F-16F7-4668-BE54-9A1E7A4F7556}") = "Blog.API", "Blog.API\Blog.API.csproj", "{D75D50F0-374A-4766-913D-4C9A57EEBB4F}"
EndProject
Project("{9A19103F-16F7-4668-BE54-9A1E7A4F7556}") = "Blog.Application", "Blog.Application\Blog.Application.csproj", "{C45A89E5-C74D-42FE-A031-28DAC9FE9549}"
EndProject
Project("{9A19103F-16F7-4668-BE54-9A1E7A4F7556}") = "Blog.EntityFrameworkCore", "Blog.EntityFrameworkCore\Blog.EntityFrameworkCore.csproj", "{F4390616-1E47-4BF6-9EF8-A119C05268DD}"
EndProject
Project("{9A19103F-16F7-4668-BE54-9A1E7A4F7556}") = "Blog.Infrastructure", "Blog.Infrastructure\Blog.Infrastructure.csproj", "{7204A162-C06B-470C-9125-F005868D89A5}"
EndProject
Project("{9A19103F-16F7-4668-BE54-9A1E7A4F7556}") = "Blog.Shared", "Blog.Shared\Blog.Shared.csproj", "{2E753C18-BF2F-4250-A4E6-5B782B4BDEC9}"
EndProject
Global
	GlobalSection(SolutionConfigurationPlatforms) = preSolution
		Debug|Any CPU = Debug|Any CPU
		Release|Any CPU = Release|Any CPU
	EndGlobalSection
	GlobalSection(ProjectConfigurationPlatforms) = postSolution
		{D75D50F0-374A-4766-913D-4C9A57EEBB4F}.Debug|Any CPU.ActiveCfg = Debug|Any CPU
		{D75D50F0-374A-4766-913D-4C9A57EEBB4F}.Debug|Any CPU.Build.0 = Debug|Any CPU
		{D75D50F0-374A-4766-913D-4C9A57EEBB4F}.Release|Any CPU.ActiveCfg = Release|Any CPU
		{D75D50F0-374A-4766-913D-4C9A57EEBB4F}.Release|Any CPU.Build.0 = Release|Any CPU
		{C45A89E5-C74D-42FE-A031-28DAC9FE9549}.Debug|Any CPU.ActiveCfg = Debug|Any CPU
		{C45A89E5-C74D-42FE-A031-28DAC9FE9549}.Debug|Any CPU.Build.0 = Debug|Any CPU
		{C45A89E5-C74D-42FE-A031-28DAC9FE9549}.Release|Any CPU.ActiveCfg = Release|Any CPU
		{C45A89E5-C74D-42FE-A031-28DAC9FE9549}.Release|Any CPU.Build.0 = Release|Any CPU
		{F4390616-1E47-4BF6-9EF8-A119C05268DD}.Debug|Any CPU.ActiveCfg = Debug|Any CPU
		{F4390616-1E47-4BF6-9EF8-A119C05268DD}.Debug|Any CPU.Build.0 = Debug|Any CPU
		{F4390616-1E47-4BF6-9EF8-A119C05268DD}.Release|Any CPU.ActiveCfg = Release|Any CPU
		{F4390616-1E47-4BF6-9EF8-A119C05268DD}.Release|Any CPU.Build.0 = Release|Any CPU
		{7204A162-C06B-470C-9125-F005868D89A5}.Debug|Any CPU.ActiveCfg = Debug|Any CPU
		{7204A162-C06B-470C-9125-F005868D89A5}.Debug|Any CPU.Build.0 = Debug|Any CPU
		{7204A162-C06B-470C-9125-F005868D89A5}.Release|Any CPU.ActiveCfg = Release|Any CPU
		{7204A162-C06B-470C-9125-F005868D89A5}.Release|Any CPU.Build.0 = Release|Any CPU
		{2E753C18-BF2F-4250-A4E6-5B782B4BDEC9}.Debug|Any CPU.ActiveCfg = Debug|Any CPU
		{2E753C18-BF2F-4250-A4E6-5B782B4BDEC9}.Debug|Any CPU.Build.0 = Debug|Any CPU
		{2E753C18-BF2F-4250-A4E6-5B782B4BDEC9}.Release|Any CPU.ActiveCfg = Release|Any CPU
		{2E753C18-BF2F-4250-A4E6-5B782B4BDEC9}.Release|Any CPU.Build.0 = Release|Any CPU
	EndGlobalSection
	GlobalSection(SolutionProperties) = preSolution
		HideSolutionNode = FALSE
	EndGlobalSection
	GlobalSection(ExtensibilityGlobals) = postSolution
		SolutionGuid = {D89B98E6-E35E-465E-94A0-4E1A2E419EE7}
	EndGlobalSection
EndGlobal
